
Microsoft Visual Studio Solution File, Format Version 12.00
# Visual Studio Version 16
VisualStudioVersion = 16.0.29001.49
MinimumVisualStudioVersion = 10.0.40219.1
Project("{FAE04EC0-301F-11D3-BF4B-00C04F79EFBC}") = "ImageHelper.Standard", "ImageHelper.Standard\ImageHelper.Standard.csproj", "{47BA6C07-55CC-40D7-BADD-32F2A011B106}"
EndProject
Global
	GlobalSection(SolutionConfigurationPlatforms) = preSolution
		Debug|Any CPU = Debug|Any CPU
		Release|Any CPU = Release|Any CPU
	EndGlobalSection
	GlobalSection(ProjectConfigurationPlatforms) = postSolution
		{47BA6C07-55CC-40D7-BADD-32F2A011B106}.Debug|Any CPU.ActiveCfg = Debug|Any CPU
		{47BA6C07-55CC-40D7-BADD-32F2A011B106}.Debug|Any CPU.Build.0 = Debug|Any CPU
		{47BA6C07-55CC-40D7-BADD-32F2A011B106}.Release|Any CPU.ActiveCfg = Release|Any CPU
		{47BA6C07-55CC-40D7-BADD-32F2A011B106}.Release|Any CPU.Build.0 = Release|Any CPU
	EndGlobalSection
	GlobalSection(SolutionProperties) = preSolution
		HideSolutionNode = FALSE
	EndGlobalSection
	GlobalSection(ExtensibilityGlobals) = postSolution
		SolutionGuid = {772DD266-10A2-4707-97D8-9F9BE600C7B5}
	EndGlobalSection
EndGlobal
